
Microsoft Visual Studio Solution File, Format Version 12.00
# Visual Studio Version 17
VisualStudioVersion = 17.1.32414.318
MinimumVisualStudioVersion = 10.0.40219.1
Project("{FAE04EC0-301F-11D3-BF4B-00C04F79EFBC}") = "Modularizacion_Miscelanea", "Modularizacion_Miscelanea.csproj", "{EAEAF266-E1BF-4D3F-A710-C602BD52FCF4}"
EndProject
Global
	GlobalSection(SolutionConfigurationPlatforms) = preSolution
		Debug|Any CPU = Debug|Any CPU
		Release|Any CPU = Release|Any CPU
	EndGlobalSection
	GlobalSection(ProjectConfigurationPlatforms) = postSolution
		{EAEAF266-E1BF-4D3F-A710-C602BD52FCF4}.Debug|Any CPU.ActiveCfg = Debug|Any CPU
		{EAEAF266-E1BF-4D3F-A710-C602BD52FCF4}.Debug|Any CPU.Build.0 = Debug|Any CPU
		{EAEAF266-E1BF-4D3F-A710-C602BD52FCF4}.Release|Any CPU.ActiveCfg = Release|Any CPU
		{EAEAF266-E1BF-4D3F-A710-C602BD52FCF4}.Release|Any CPU.Build.0 = Release|Any CPU
	EndGlobalSection
	GlobalSection(SolutionProperties) = preSolution
		HideSolutionNode = FALSE
	EndGlobalSection
	GlobalSection(ExtensibilityGlobals) = postSolution
		SolutionGuid = {83D0FA99-4A80-4F82-966B-9E6011D00805}
	EndGlobalSection
EndGlobal
